// !$*UTF8*$!
{
	archiveVersion = 1;
	classes = {
	};
	objectVersion = 50;
	objects = {

/* Begin PBXBuildFile section */
		A44AF18C52ACD1D5E77FE10B /* libPods-LearnTexture.a in Frameworks */ = {isa = PBXBuildFile; fileRef = 8AA052AC64C3B9E1A5E68C10 /* libPods-LearnTexture.a */; };
		CBA32D392113615F00B75E13 /* AppDelegate.m in Sources */ = {isa = PBXBuildFile; fileRef = CBA32D382113615F00B75E13 /* AppDelegate.m */; };
		CBA32D3C2113615F00B75E13 /* ViewController.m in Sources */ = {isa = PBXBuildFile; fileRef = CBA32D3B2113615F00B75E13 /* ViewController.m */; };
		CBA32D3F2113615F00B75E13 /* Main.storyboard in Resources */ = {isa = PBXBuildFile; fileRef = CBA32D3D2113615F00B75E13 /* Main.storyboard */; };
		CBA32D412113616000B75E13 /* Assets.xcassets in Resources */ = {isa = PBXBuildFile; fileRef = CBA32D402113616000B75E13 /* Assets.xcassets */; };
		CBA32D442113616000B75E13 /* LaunchScreen.storyboard in Resources */ = {isa = PBXBuildFile; fileRef = CBA32D422113616000B75E13 /* LaunchScreen.storyboard */; };
		CBA32D472113616000B75E13 /* main.m in Sources */ = {isa = PBXBuildFile; fileRef = CBA32D462113616000B75E13 /* main.m */; };
/* End PBXBuildFile section */

/* Begin PBXFileReference section */
		87B4246D9E4775F2806BB16F /* Pods-LearnTexture.debug.xcconfig */ = {isa = PBXFileReference; includeInIndex = 1; lastKnownFileType = text.xcconfig; name = "Pods-LearnTexture.debug.xcconfig"; path = "Pods/Target Support Files/Pods-LearnTexture/Pods-LearnTexture.debug.xcconfig"; sourceTree = "<group>"; };
		8AA052AC64C3B9E1A5E68C10 /* libPods-LearnTexture.a */ = {isa = PBXFileReference; explicitFileType = archive.ar; includeInIndex = 0; path = "libPods-LearnTexture.a"; sourceTree = BUILT_PRODUCTS_DIR; };
		CBA32D342113615F00B75E13 /* LearnTexture.app */ = {isa = PBXFileReference; explicitFileType = wrapper.application; includeInIndex = 0; path = LearnTexture.app; sourceTree = BUILT_PRODUCTS_DIR; };
		CBA32D372113615F00B75E13 /* AppDelegate.h */ = {isa = PBXFileReference; lastKnownFileType = sourcecode.c.h; path = AppDelegate.h; sourceTree = "<group>"; };
		CBA32D382113615F00B75E13 /* AppDelegate.m */ = {isa = PBXFileReference; lastKnownFileType = sourcecode.c.objc; path = AppDelegate.m; sourceTree = "<group>"; };
		CBA32D3A2113615F00B75E13 /* ViewController.h */ = {isa = PBXFileReference; lastKnownFileType = sourcecode.c.h; path = ViewController.h; sourceTree = "<group>"; };
		CBA32D3B2113615F00B75E13 /* ViewController.m */ = {isa = PBXFileReference; lastKnownFileType = sourcecode.c.objc; path = ViewController.m; sourceTree = "<group>"; };
		CBA32D3E2113615F00B75E13 /* Base */ = {isa = PBXFileReference; lastKnownFileType = file.storyboard; name = Base; path = Base.lproj/Main.storyboard; sourceTree = "<group>"; };
		CBA32D402113616000B75E13 /* Assets.xcassets */ = {isa = PBXFileReference; lastKnownFileType = folder.assetcatalog; path = Assets.xcassets; sourceTree = "<group>"; };
		CBA32D432113616000B75E13 /* Base */ = {isa = PBXFileReference; lastKnownFileType = file.storyboard; name = Base; path = Base.lproj/LaunchScreen.storyboard; sourceTree = "<group>"; };
		CBA32D452113616000B75E13 /* Info.plist */ = {isa = PBXFileReference; lastKnownFileType = text.plist.xml; path = Info.plist; sourceTree = "<group>"; };
		CBA32D462113616000B75E13 /* main.m */ = {isa = PBXFileReference; lastKnownFileType = sourcecode.c.objc; path = main.m; sourceTree = "<group>"; };
		F62A37FC892039E76D54A67F /* Pods-LearnTexture.release.xcconfig */ = {isa = PBXFileReference; includeInIndex = 1; lastKnownFileType = text.xcconfig; name = "Pods-LearnTexture.release.xcconfig"; path = "Pods/Target Support Files/Pods-LearnTexture/Pods-LearnTexture.release.xcconfig"; sourceTree = "<group>"; };
/* End PBXFileReference section */

/* Begin PBXFrameworksBuildPhase section */
		CBA32D312113615F00B75E13 /* Frameworks */ = {
			isa = PBXFrameworksBuildPhase;
			buildActionMask = 2147483647;
			files = (
				A44AF18C52ACD1D5E77FE10B /* libPods-LearnTexture.a in Frameworks */,
			);
			runOnlyForDeploymentPostprocessing = 0;
		};
/* End PBXFrameworksBuildPhase section */

/* Begin PBXGroup section */
		9BA1B606EE44359698FFF61E /* Pods */ = {
			isa = PBXGroup;
			children = (
				87B4246D9E4775F2806BB16F /* Pods-LearnTexture.debug.xcconfig */,
				F62A37FC892039E76D54A67F /* Pods-LearnTexture.release.xcconfig */,
			);
			name = Pods;
			sourceTree = "<group>";
		};
		B14131FB668E2ED1241C6C7C /* Frameworks */ = {
			isa = PBXGroup;
			children = (
				8AA052AC64C3B9E1A5E68C10 /* libPods-LearnTexture.a */,
			);
			name = Frameworks;
			sourceTree = "<group>";
		};
		CBA32D2B2113615F00B75E13 = {
			isa = PBXGroup;
			children = (
				CBA32D362113615F00B75E13 /* LearnTexture */,
				CBA32D352113615F00B75E13 /* Products */,
				9BA1B606EE44359698FFF61E /* Pods */,
				B14131FB668E2ED1241C6C7C /* Frameworks */,
			);
			sourceTree = "<group>";
		};
		CBA32D352113615F00B75E13 /* Products */ = {
			isa = PBXGroup;
			children = (
				CBA32D342113615F00B75E13 /* LearnTexture.app */,
			);
			name = Products;
			sourceTree = "<group>";
		};
		CBA32D362113615F00B75E13 /* LearnTexture */ = {
			isa = PBXGroup;
			children = (
				CBA32D372113615F00B75E13 /* AppDelegate.h */,
				CBA32D382113615F00B75E13 /* AppDelegate.m */,
				CBA32D3A2113615F00B75E13 /* ViewController.h */,
				CBA32D3B2113615F00B75E13 /* ViewController.m */,
				CBA32D3D2113615F00B75E13 /* Main.storyboard */,
				CBA32D402113616000B75E13 /* Assets.xcassets */,
				CBA32D422113616000B75E13 /* LaunchScreen.storyboard */,
				CBA32D452113616000B75E13 /* Info.plist */,
				CBA32D462113616000B75E13 /* main.m */,
			);
			path = LearnTexture;
			sourceTree = "<group>";
		};
/* End PBXGroup section */

/* Begin PBXNativeTarget section */
		CBA32D332113615F00B75E13 /* LearnTexture */ = {
			isa = PBXNativeTarget;
			buildConfigurationList = CBA32D4A2113616000B75E13 /* Build configuration list for PBXNativeTarget "LearnTexture" */;
			buildPhases = (
				CDCBE31777B187187892A334 /* [CP] Check Pods Manifest.lock */,
				CBA32D302113615F00B75E13 /* Sources */,
				CBA32D312113615F00B75E13 /* Frameworks */,
				CBA32D322113615F00B75E13 /* Resources */,
			);
			buildRules = (
			);
			dependencies = (
			);
			name = LearnTexture;
			productName = LearnTexture;
			productReference = CBA32D342113615F00B75E13 /* LearnTexture.app */;
			productType = "com.apple.product-type.application";
		};
/* End PBXNativeTarget section */

/* Begin PBXProject section */
		CBA32D2C2113615F00B75E13 /* Project object */ = {
			isa = PBXProject;
			attributes = {
				LastUpgradeCheck = 0930;
				ORGANIZATIONNAME = ZZinKin;
				TargetAttributes = {
					CBA32D332113615F00B75E13 = {
						CreatedOnToolsVersion = 9.3;
					};
				};
			};
			buildConfigurationList = CBA32D2F2113615F00B75E13 /* Build configuration list for PBXProject "LearnTexture" */;
			compatibilityVersion = "Xcode 9.3";
			developmentRegion = en;
			hasScannedForEncodings = 0;
			knownRegions = (
				en,
				Base,
			);
			mainGroup = CBA32D2B2113615F00B75E13;
			productRefGroup = CBA32D352113615F00B75E13 /* Products */;
			projectDirPath = "";
			projectRoot = "";
			targets = (
				CBA32D332113615F00B75E13 /* LearnTexture */,
			);
		};
/* End PBXProject section */

/* Begin PBXResourcesBuildPhase section */
		CBA32D322113615F00B75E13 /* Resources */ = {
			isa = PBXResourcesBuildPhase;
			buildActionMask = 2147483647;
			files = (
				CBA32D442113616000B75E13 /* LaunchScreen.storyboard in Resources */,
				CBA32D412113616000B75E13 /* Assets.xcassets in Resources */,
				CBA32D3F2113615F00B75E13 /* Main.storyboard in Resources */,
			);
			runOnlyForDeploymentPostprocessing = 0;
		};
/* End PBXResourcesBuildPhase section */

/* Begin PBXShellScriptBuildPhase section */
		CDCBE31777B187187892A334 /* [CP] Check Pods Manifest.lock */ = {
			isa = PBXShellScriptBuildPhase;
			buildActionMask = 2147483647;
			files = (
			);
			inputPaths = (
				"${PODS_PODFILE_DIR_PATH}/Podfile.lock",
				"${PODS_ROOT}/Manifest.lock",
			);
			name = "[CP] Check Pods Manifest.lock";
			outputPaths = (
				"$(DERIVED_FILE_DIR)/Pods-LearnTexture-checkManifestLockResult.txt",
			);
			runOnlyForDeploymentPostprocessing = 0;
			shellPath = /bin/sh;
			shellScript = "diff \"${PODS_PODFILE_DIR_PATH}/Podfile.lock\" \"${PODS_ROOT}/Manifest.lock\" > /dev/null\nif [ $? != 0 ] ; then\n    # print error to STDERR\n    echo \"error: The sandbox is not in sync with the Podfile.lock. Run 'pod install' or update your CocoaPods installation.\" >&2\n    exit 1\nfi\n# This output is used by Xcode 'outputs' to avoid re-running this script phase.\necho \"SUCCESS\" > \"${SCRIPT_OUTPUT_FILE_0}\"\n";
			showEnvVarsInLog = 0;
		};
/* End PBXShellScriptBuildPhase section */

/* Begin PBXSourcesBuildPhase section */
		CBA32D302113615F00B75E13 /* Sources */ = {
			isa = PBXSourcesBuildPhase;
			buildActionMask = 2147483647;
			files = (
				CBA32D3C2113615F00B75E13 /* ViewController.m in Sources */,
				CBA32D472113616000B75E13 /* main.m in Sources */,
				CBA32D392113615F00B75E13 /* AppDelegate.m in Sources */,
			);
			runOnlyForDeploymentPostprocessing = 0;
		};
/* End PBXSourcesBuildPhase section */

/* Begin PBXVariantGroup section */
		CBA32D3D2113615F00B75E13 /* Main.storyboard */ = {
			isa = PBXVariantGroup;
			children = (
				CBA32D3E2113615F00B75E13 /* Base */,
			);
			name = Main.storyboard;
			sourceTree = "<group>";
		};
		CBA32D422113616000B75E13 /* LaunchScreen.storyboard */ = {
			isa = PBXVariantGroup;
			children = (
				CBA32D432113616000B75E13 /* Base */,
			);
			name = LaunchScreen.storyboard;
			sourceTree = "<group>";
		};
/* End PBXVariantGroup section */

/* Begin XCBuildConfiguration section */
		CBA32D482113616000B75E13 /* Debug */ = {
			isa = XCBuildConfiguration;
			buildSettings = {
				ALWAYS_SEARCH_USER_PATHS = NO;
				CLANG_ANALYZER_NONNULL = YES;
				CLANG_ANALYZER_NUMBER_OBJECT_CONVERSION = YES_AGGRESSIVE;
				CLANG_CXX_LANGUAGE_STANDARD = "gnu++14";
				CLANG_CXX_LIBRARY = "libc++";
				CLANG_ENABLE_MODULES = YES;
				CLANG_ENABLE_OBJC_ARC = YES;
				CLANG_ENABLE_OBJC_WEAK = YES;
				CLANG_WARN_BLOCK_CAPTURE_AUTORELEASING = YES;
				CLANG_WARN_BOOL_CONVERSION = YES;
				CLANG_WARN_COMMA = YES;
				CLANG_WARN_CONSTANT_CONVERSION = YES;
				CLANG_WARN_DEPRECATED_OBJC_IMPLEMENTATIONS = YES;
				CLANG_WARN_DIRECT_OBJC_ISA_USAGE = YES_ERROR;
				CLANG_WARN_DOCUMENTATION_COMMENTS = YES;
				CLANG_WARN_EMPTY_BODY = YES;
				CLANG_WARN_ENUM_CONVERSION = YES;
				CLANG_WARN_INFINITE_RECURSION = YES;
				CLANG_WARN_INT_CONVERSION = YES;
				CLANG_WARN_NON_LITERAL_NULL_CONVERSION = YES;
				CLANG_WARN_OBJC_IMPLICIT_RETAIN_SELF = YES;
				CLANG_WARN_OBJC_LITERAL_CONVERSION = YES;
				CLANG_WARN_OBJC_ROOT_CLASS = YES_ERROR;
				CLANG_WARN_RANGE_LOOP_ANALYSIS = YES;
				CLANG_WARN_STRICT_PROTOTYPES = YES;
				CLANG_WARN_SUSPICIOUS_MOVE = YES;
				CLANG_WARN_UNGUARDED_AVAILABILITY = YES_AGGRESSIVE;
				CLANG_WARN_UNREACHABLE_CODE = YES;
				CLANG_WARN__DUPLICATE_METHOD_MATCH = YES;
				CODE_SIGN_IDENTITY = "iPhone Developer";
				COPY_PHASE_STRIP = NO;
				DEBUG_INFORMATION_FORMAT = dwarf;
				ENABLE_STRICT_OBJC_MSGSEND = YES;
				ENABLE_TESTABILITY = YES;
				GCC_C_LANGUAGE_STANDARD = gnu11;
				GCC_DYNAMIC_NO_PIC = NO;
				GCC_NO_COMMON_BLOCKS = YES;
				GCC_OPTIMIZATION_LEVEL = 0;
				GCC_PREPROCESSOR_DEFINITIONS = (
					"DEBUG=1",
					"$(inherited)",
				);
				GCC_WARN_64_TO_32_BIT_CONVERSION = YES;
				GCC_WARN_ABOUT_RETURN_TYPE = YES_ERROR;
				GCC_WARN_UNDECLARED_SELECTOR = YES;
				GCC_WARN_UNINITIALIZED_AUTOS = YES_AGGRESSIVE;
				GCC_WARN_UNUSED_FUNCTION = YES;
				GCC_WARN_UNUSED_VARIABLE = YES;
				IPHONEOS_DEPLOYMENT_TARGET = 11.3;
				MTL_ENABLE_DEBUG_INFO = YES;
				ONLY_ACTIVE_ARCH = YES;
				SDKROOT = iphoneos;
			};
			name = Debug;
		};
		CBA32D492113616000B75E13 /* Release */ = {
			isa = XCBuildConfiguration;
			buildSettings = {
				ALWAYS_SEARCH_USER_PATHS = NO;
				CLANG_ANALYZER_NONNULL = YES;
				CLANG_ANALYZER_NUMBER_OBJECT_CONVERSION = YES_AGGRESSIVE;
				CLANG_CXX_LANGUAGE_STANDARD = "gnu++14";
				CLANG_CXX_LIBRARY = "libc++";
				CLANG_ENABLE_MODULES = YES;
				CLANG_ENABLE_OBJC_ARC = YES;
				CLANG_ENABLE_OBJC_WEAK = YES;
				CLANG_WARN_BLOCK_CAPTURE_AUTORELEASING = YES;
				CLANG_WARN_BOOL_CONVERSION = YES;
				CLANG_WARN_COMMA = YES;
				CLANG_WARN_CONSTANT_CONVERSION = YES;
				CLANG_WARN_DEPRECATED_OBJC_IMPLEMENTATIONS = YES;
				CLANG_WARN_DIRECT_OBJC_ISA_USAGE = YES_ERROR;
				CLANG_WARN_DOCUMENTATION_COMMENTS = YES;
				CLANG_WARN_EMPTY_BODY = YES;
				CLANG_WARN_ENUM_CONVERSION = YES;
				CLANG_WARN_INFINITE_RECURSION = YES;
				CLANG_WARN_INT_CONVERSION = YES;
				CLANG_WARN_NON_LITERAL_NULL_CONVERSION = YES;
				CLANG_WARN_OBJC_IMPLICIT_RETAIN_SELF = YES;
				CLANG_WARN_OBJC_LITERAL_CONVERSION = YES;
				CLANG_WARN_OBJC_ROOT_CLASS = YES_ERROR;
				CLANG_WARN_RANGE_LOOP_ANALYSIS = YES;
				CLANG_WARN_STRICT_PROTOTYPES = YES;
				CLANG_WARN_SUSPICIOUS_MOVE = YES;
				CLANG_WARN_UNGUARDED_AVAILABILITY = YES_AGGRESSIVE;
				CLANG_WARN_UNREACHABLE_CODE = YES;
				CLANG_WARN__DUPLICATE_METHOD_MATCH = YES;
				CODE_SIGN_IDENTITY = "iPhone Developer";
				COPY_PHASE_STRIP = NO;
				DEBUG_INFORMATION_FORMAT = "dwarf-with-dsym";
				ENABLE_NS_ASSERTIONS = NO;
				ENABLE_STRICT_OBJC_MSGSEND = YES;
				GCC_C_LANGUAGE_STANDARD = gnu11;
				GCC_NO_COMMON_BLOCKS = YES;
				GCC_WARN_64_TO_32_BIT_CONVERSION = YES;
				GCC_WARN_ABOUT_RETURN_TYPE = YES_ERROR;
				GCC_WARN_UNDECLARED_SELECTOR = YES;
				GCC_WARN_UNINITIALIZED_AUTOS = YES_AGGRESSIVE;
				GCC_WARN_UNUSED_FUNCTION = YES;
				GCC_WARN_UNUSED_VARIABLE = YES;
				IPHONEOS_DEPLOYMENT_TARGET = 11.3;
				MTL_ENABLE_DEBUG_INFO = NO;
				SDKROOT = iphoneos;
				VALIDATE_PRODUCT = YES;
			};
			name = Release;
		};
		CBA32D4B2113616000B75E13 /* Debug */ = {
			isa = XCBuildConfiguration;
			baseConfigurationReference = 87B4246D9E4775F2806BB16F /* Pods-LearnTexture.debug.xcconfig */;
			buildSettings = {
				ASSETCATALOG_COMPILER_APPICON_NAME = AppIcon;
				CODE_SIGN_STYLE = Automatic;
				DEVELOPMENT_TEAM = 65U732MLC9;
				INFOPLIST_FILE = LearnTexture/Info.plist;
				LD_RUNPATH_SEARCH_PATHS = (
					"$(inherited)",
					"@executable_path/Frameworks",
				);
				PRODUCT_BUNDLE_IDENTIFIER = com.chaolong.LearnTexture;
				PRODUCT_NAME = "$(TARGET_NAME)";
				TARGETED_DEVICE_FAMILY = "1,2";
			};
			name = Debug;
		};
		CBA32D4C2113616000B75E13 /* Release */ = {
			isa = XCBuildConfiguration;
			baseConfigurationReference = F62A37FC892039E76D54A67F /* Pods-LearnTexture.release.xcconfig */;
			buildSettings = {
				ASSETCATALOG_COMPILER_APPICON_NAME = AppIcon;
				CODE_SIGN_STYLE = Automatic;
				DEVELOPMENT_TEAM = 65U732MLC9;
				INFOPLIST_FILE = LearnTexture/Info.plist;
				LD_RUNPATH_SEARCH_PATHS = (
					"$(inherited)",
					"@executable_path/Frameworks",
				);
				PRODUCT_BUNDLE_IDENTIFIER = com.chaolong.LearnTexture;
				PRODUCT_NAME = "$(TARGET_NAME)";
				TARGETED_DEVICE_FAMILY = "1,2";
			};
			name = Release;
		};
/* End XCBuildConfiguration section */

/* Begin XCConfigurationList section */
		CBA32D2F2113615F00B75E13 /* Build configuration list for PBXProject "LearnTexture" */ = {
			isa = XCConfigurationList;
			buildConfigurations = (
				CBA32D482113616000B75E13 /* Debug */,
				CBA32D492113616000B75E13 /* Release */,
			);
			defaultConfigurationIsVisible = 0;
			defaultConfigurationName = Release;
		};
		CBA32D4A2113616000B75E13 /* Build configuration list for PBXNativeTarget "LearnTexture" */ = {
			isa = XCConfigurationList;
			buildConfigurations = (
				CBA32D4B2113616000B75E13 /* Debug */,
				CBA32D4C2113616000B75E13 /* Release */,
			);
			defaultConfigurationIsVisible = 0;
			defaultConfigurationName = Release;
		};
/* End XCConfigurationList section */
	};
	rootObject = CBA32D2C2113615F00B75E13 /* Project object */;
}
